
Microsoft Visual Studio Solution File, Format Version 12.00
# Visual Studio 14
VisualStudioVersion = 14.0.25420.1
MinimumVisualStudioVersion = 10.0.40219.1
Project("{FAE04EC0-301F-11D3-BF4B-00C04F79EFBC}") = "AskMeLib", "AskMeLib\AskMeLib.csproj", "{A613AA8B-A067-4DA2-910E-6F47804D2462}"
EndProject
Project("{FAE04EC0-301F-11D3-BF4B-00C04F79EFBC}") = "AskMeTestConsole", "AskMeTestConsole\AskMeTestConsole.csproj", "{0687869A-549C-4ACF-A756-7531305876E9}"
EndProject
Global
	GlobalSection(SolutionConfigurationPlatforms) = preSolution
		Debug|Any CPU = Debug|Any CPU
		Release|Any CPU = Release|Any CPU
	EndGlobalSection
	GlobalSection(ProjectConfigurationPlatforms) = postSolution
		{A613AA8B-A067-4DA2-910E-6F47804D2462}.Debug|Any CPU.ActiveCfg = Debug|Any CPU
		{A613AA8B-A067-4DA2-910E-6F47804D2462}.Debug|Any CPU.Build.0 = Debug|Any CPU
		{A613AA8B-A067-4DA2-910E-6F47804D2462}.Release|Any CPU.ActiveCfg = Release|Any CPU
		{A613AA8B-A067-4DA2-910E-6F47804D2462}.Release|Any CPU.Build.0 = Release|Any CPU
		{0687869A-549C-4ACF-A756-7531305876E9}.Debug|Any CPU.ActiveCfg = Debug|Any CPU
		{0687869A-549C-4ACF-A756-7531305876E9}.Debug|Any CPU.Build.0 = Debug|Any CPU
		{0687869A-549C-4ACF-A756-7531305876E9}.Release|Any CPU.ActiveCfg = Release|Any CPU
		{0687869A-549C-4ACF-A756-7531305876E9}.Release|Any CPU.Build.0 = Release|Any CPU
	EndGlobalSection
	GlobalSection(SolutionProperties) = preSolution
		HideSolutionNode = FALSE
	EndGlobalSection
EndGlobal
