
Microsoft Visual Studio Solution File, Format Version 12.00
# Visual Studio 15
VisualStudioVersion = 15.0.27004.2009
MinimumVisualStudioVersion = 10.0.40219.1
Project("{9A19103F-16F7-4668-BE54-9A1E7A4F7556}") = "AskMeLib.dns.20", "AskMeLib.dns.20\AskMeLib.dns.20.csproj", "{BCCE6000-34D5-442A-8B9D-E40587E59594}"
EndProject
Project("{9A19103F-16F7-4668-BE54-9A1E7A4F7556}") = "AskMeLibTest", "AskMeLibTest\AskMeLibTest.csproj", "{4C7876DB-BC36-47F9-B3E8-E0D4FE98AA86}"
EndProject
Project("{9A19103F-16F7-4668-BE54-9A1E7A4F7556}") = "AskMeSdkForCSharp", "AskMeSdkForCSharp\AskMeSdkForCSharp.csproj", "{12D9E191-8918-4EEE-A29B-481084632E74}"
EndProject
Project("{FAE04EC0-301F-11D3-BF4B-00C04F79EFBC}") = "AskMeTestConsole", "AskMeTestConsole\AskMeTestConsole.csproj", "{7CFC47AE-4352-4C68-8CF3-0D2BEAA4BFB1}"
EndProject
Project("{9A19103F-16F7-4668-BE54-9A1E7A4F7556}") = "AskMeTestSdkClient", "AskMeTestSdkClient\AskMeTestSdkClient.csproj", "{2F2603D5-875C-4861-9A3F-7419E43DFB63}"
EndProject
Project("{9A19103F-16F7-4668-BE54-9A1E7A4F7556}") = "AskMeWebApi", "AskMeWebApi\AskMeWebApi.csproj", "{B085750B-AB69-4A51-A0F7-EE226784A057}"
EndProject
Project("{2150E333-8FDC-42A3-9474-1A3956D46DE8}") = "Clients", "Clients", "{639917F3-4DE0-4419-B890-02C4BDFC66B3}"
EndProject
Project("{2150E333-8FDC-42A3-9474-1A3956D46DE8}") = "Servers", "Servers", "{D49AA639-D920-439F-9286-DBDFEE353257}"
EndProject
Global
	GlobalSection(SolutionConfigurationPlatforms) = preSolution
		Debug|Any CPU = Debug|Any CPU
		Release|Any CPU = Release|Any CPU
	EndGlobalSection
	GlobalSection(ProjectConfigurationPlatforms) = postSolution
		{BCCE6000-34D5-442A-8B9D-E40587E59594}.Debug|Any CPU.ActiveCfg = Debug|Any CPU
		{BCCE6000-34D5-442A-8B9D-E40587E59594}.Debug|Any CPU.Build.0 = Debug|Any CPU
		{BCCE6000-34D5-442A-8B9D-E40587E59594}.Release|Any CPU.ActiveCfg = Release|Any CPU
		{BCCE6000-34D5-442A-8B9D-E40587E59594}.Release|Any CPU.Build.0 = Release|Any CPU
		{4C7876DB-BC36-47F9-B3E8-E0D4FE98AA86}.Debug|Any CPU.ActiveCfg = Debug|Any CPU
		{4C7876DB-BC36-47F9-B3E8-E0D4FE98AA86}.Debug|Any CPU.Build.0 = Debug|Any CPU
		{4C7876DB-BC36-47F9-B3E8-E0D4FE98AA86}.Release|Any CPU.ActiveCfg = Release|Any CPU
		{4C7876DB-BC36-47F9-B3E8-E0D4FE98AA86}.Release|Any CPU.Build.0 = Release|Any CPU
		{12D9E191-8918-4EEE-A29B-481084632E74}.Debug|Any CPU.ActiveCfg = Debug|Any CPU
		{12D9E191-8918-4EEE-A29B-481084632E74}.Debug|Any CPU.Build.0 = Debug|Any CPU
		{12D9E191-8918-4EEE-A29B-481084632E74}.Release|Any CPU.ActiveCfg = Release|Any CPU
		{12D9E191-8918-4EEE-A29B-481084632E74}.Release|Any CPU.Build.0 = Release|Any CPU
		{7CFC47AE-4352-4C68-8CF3-0D2BEAA4BFB1}.Debug|Any CPU.ActiveCfg = Debug|Any CPU
		{7CFC47AE-4352-4C68-8CF3-0D2BEAA4BFB1}.Debug|Any CPU.Build.0 = Debug|Any CPU
		{7CFC47AE-4352-4C68-8CF3-0D2BEAA4BFB1}.Release|Any CPU.ActiveCfg = Release|Any CPU
		{7CFC47AE-4352-4C68-8CF3-0D2BEAA4BFB1}.Release|Any CPU.Build.0 = Release|Any CPU
		{2F2603D5-875C-4861-9A3F-7419E43DFB63}.Debug|Any CPU.ActiveCfg = Debug|Any CPU
		{2F2603D5-875C-4861-9A3F-7419E43DFB63}.Debug|Any CPU.Build.0 = Debug|Any CPU
		{2F2603D5-875C-4861-9A3F-7419E43DFB63}.Release|Any CPU.ActiveCfg = Release|Any CPU
		{2F2603D5-875C-4861-9A3F-7419E43DFB63}.Release|Any CPU.Build.0 = Release|Any CPU
		{B085750B-AB69-4A51-A0F7-EE226784A057}.Debug|Any CPU.ActiveCfg = Debug|Any CPU
		{B085750B-AB69-4A51-A0F7-EE226784A057}.Debug|Any CPU.Build.0 = Debug|Any CPU
		{B085750B-AB69-4A51-A0F7-EE226784A057}.Release|Any CPU.ActiveCfg = Release|Any CPU
		{B085750B-AB69-4A51-A0F7-EE226784A057}.Release|Any CPU.Build.0 = Release|Any CPU
	EndGlobalSection
	GlobalSection(SolutionProperties) = preSolution
		HideSolutionNode = FALSE
	EndGlobalSection
	GlobalSection(NestedProjects) = preSolution
		{BCCE6000-34D5-442A-8B9D-E40587E59594} = {D49AA639-D920-439F-9286-DBDFEE353257}
		{4C7876DB-BC36-47F9-B3E8-E0D4FE98AA86} = {D49AA639-D920-439F-9286-DBDFEE353257}
		{12D9E191-8918-4EEE-A29B-481084632E74} = {639917F3-4DE0-4419-B890-02C4BDFC66B3}
		{7CFC47AE-4352-4C68-8CF3-0D2BEAA4BFB1} = {639917F3-4DE0-4419-B890-02C4BDFC66B3}
		{2F2603D5-875C-4861-9A3F-7419E43DFB63} = {639917F3-4DE0-4419-B890-02C4BDFC66B3}
		{B085750B-AB69-4A51-A0F7-EE226784A057} = {D49AA639-D920-439F-9286-DBDFEE353257}
	EndGlobalSection
	GlobalSection(ExtensibilityGlobals) = postSolution
		SolutionGuid = {52257EF3-6628-48F8-BF31-2FD93FD32E0B}
	EndGlobalSection
EndGlobal
